
Microsoft Visual Studio Solution File, Format Version 12.00
# Visual Studio Version 16
VisualStudioVersion = 16.0.32929.386
MinimumVisualStudioVersion = 10.0.40219.1
Project("{FAE04EC0-301F-11D3-BF4B-00C04F79EFBC}") = "3-10", "3-10\3-10.csproj", "{FCDA3855-79E1-45E5-86F3-2BFC0BC6BA1E}"
EndProject
Global
	GlobalSection(SolutionConfigurationPlatforms) = preSolution
		Debug|Any CPU = Debug|Any CPU
		Release|Any CPU = Release|Any CPU
	EndGlobalSection
	GlobalSection(ProjectConfigurationPlatforms) = postSolution
		{FCDA3855-79E1-45E5-86F3-2BFC0BC6BA1E}.Debug|Any CPU.ActiveCfg = Debug|Any CPU
		{FCDA3855-79E1-45E5-86F3-2BFC0BC6BA1E}.Debug|Any CPU.Build.0 = Debug|Any CPU
		{FCDA3855-79E1-45E5-86F3-2BFC0BC6BA1E}.Release|Any CPU.ActiveCfg = Release|Any CPU
		{FCDA3855-79E1-45E5-86F3-2BFC0BC6BA1E}.Release|Any CPU.Build.0 = Release|Any CPU
	EndGlobalSection
	GlobalSection(SolutionProperties) = preSolution
		HideSolutionNode = FALSE
	EndGlobalSection
	GlobalSection(ExtensibilityGlobals) = postSolution
		SolutionGuid = {CB38DAAE-902E-4A9A-AFD8-400FD1606167}
	EndGlobalSection
EndGlobal
