
Microsoft Visual Studio Solution File, Format Version 12.00
# Visual Studio Version 16
VisualStudioVersion = 16.0.32929.386
MinimumVisualStudioVersion = 10.0.40219.1
Project("{FAE04EC0-301F-11D3-BF4B-00C04F79EFBC}") = "3-4", "3-4\3-4.csproj", "{C4BA7748-E7AA-4C15-BBE3-9F31EE226992}"
EndProject
Global
	GlobalSection(SolutionConfigurationPlatforms) = preSolution
		Debug|Any CPU = Debug|Any CPU
		Release|Any CPU = Release|Any CPU
	EndGlobalSection
	GlobalSection(ProjectConfigurationPlatforms) = postSolution
		{C4BA7748-E7AA-4C15-BBE3-9F31EE226992}.Debug|Any CPU.ActiveCfg = Debug|Any CPU
		{C4BA7748-E7AA-4C15-BBE3-9F31EE226992}.Debug|Any CPU.Build.0 = Debug|Any CPU
		{C4BA7748-E7AA-4C15-BBE3-9F31EE226992}.Release|Any CPU.ActiveCfg = Release|Any CPU
		{C4BA7748-E7AA-4C15-BBE3-9F31EE226992}.Release|Any CPU.Build.0 = Release|Any CPU
	EndGlobalSection
	GlobalSection(SolutionProperties) = preSolution
		HideSolutionNode = FALSE
	EndGlobalSection
	GlobalSection(ExtensibilityGlobals) = postSolution
		SolutionGuid = {BC46357A-6BC8-41FB-BB03-EBFAB09CAF07}
	EndGlobalSection
EndGlobal
