
Microsoft Visual Studio Solution File, Format Version 12.00
# Visual Studio Version 17
VisualStudioVersion = 17.5.33424.131
MinimumVisualStudioVersion = 10.0.40219.1
Project("{FAE04EC0-301F-11D3-BF4B-00C04F79EFBC}") = "問題64", "問題64\問題64.csproj", "{C6B718B0-1F33-4AE8-8F28-B087E5C87B29}"
EndProject
Global
	GlobalSection(SolutionConfigurationPlatforms) = preSolution
		Debug|Any CPU = Debug|Any CPU
		Release|Any CPU = Release|Any CPU
	EndGlobalSection
	GlobalSection(ProjectConfigurationPlatforms) = postSolution
		{C6B718B0-1F33-4AE8-8F28-B087E5C87B29}.Debug|Any CPU.ActiveCfg = Debug|Any CPU
		{C6B718B0-1F33-4AE8-8F28-B087E5C87B29}.Debug|Any CPU.Build.0 = Debug|Any CPU
		{C6B718B0-1F33-4AE8-8F28-B087E5C87B29}.Release|Any CPU.ActiveCfg = Release|Any CPU
		{C6B718B0-1F33-4AE8-8F28-B087E5C87B29}.Release|Any CPU.Build.0 = Release|Any CPU
	EndGlobalSection
	GlobalSection(SolutionProperties) = preSolution
		HideSolutionNode = FALSE
	EndGlobalSection
	GlobalSection(ExtensibilityGlobals) = postSolution
		SolutionGuid = {7B5547F4-1694-418C-B854-CF8EB567DFD9}
	EndGlobalSection
EndGlobal
