
Microsoft Visual Studio Solution File, Format Version 12.00
# Visual Studio Version 16
VisualStudioVersion = 16.0.31515.178
MinimumVisualStudioVersion = 10.0.40219.1
Project("{FAE04EC0-301F-11D3-BF4B-00C04F79EFBC}") = "WinFormsApp1", "WinFormsApp1\WinFormsApp1.csproj", "{98037295-6837-42BE-A705-9EE491A4F1F8}"
EndProject
Global
	GlobalSection(SolutionConfigurationPlatforms) = preSolution
		Debug|Any CPU = Debug|Any CPU
		Release|Any CPU = Release|Any CPU
	EndGlobalSection
	GlobalSection(ProjectConfigurationPlatforms) = postSolution
		{98037295-6837-42BE-A705-9EE491A4F1F8}.Debug|Any CPU.ActiveCfg = Debug|Any CPU
		{98037295-6837-42BE-A705-9EE491A4F1F8}.Debug|Any CPU.Build.0 = Debug|Any CPU
		{98037295-6837-42BE-A705-9EE491A4F1F8}.Release|Any CPU.ActiveCfg = Release|Any CPU
		{98037295-6837-42BE-A705-9EE491A4F1F8}.Release|Any CPU.Build.0 = Release|Any CPU
	EndGlobalSection
	GlobalSection(SolutionProperties) = preSolution
		HideSolutionNode = FALSE
	EndGlobalSection
	GlobalSection(ExtensibilityGlobals) = postSolution
		SolutionGuid = {74C86602-E555-4D72-919A-6593AAE7172C}
	EndGlobalSection
EndGlobal
