
Microsoft Visual Studio Solution File, Format Version 12.00
# Visual Studio Version 16
VisualStudioVersion = 16.0.31515.178
MinimumVisualStudioVersion = 10.0.40219.1
Project("{FAE04EC0-301F-11D3-BF4B-00C04F79EFBC}") = "2-5", "2-5\2-5.csproj", "{ADDE5B1C-F5C3-45B8-B339-F47C5E624F17}"
EndProject
Global
	GlobalSection(SolutionConfigurationPlatforms) = preSolution
		Debug|Any CPU = Debug|Any CPU
		Release|Any CPU = Release|Any CPU
	EndGlobalSection
	GlobalSection(ProjectConfigurationPlatforms) = postSolution
		{ADDE5B1C-F5C3-45B8-B339-F47C5E624F17}.Debug|Any CPU.ActiveCfg = Debug|Any CPU
		{ADDE5B1C-F5C3-45B8-B339-F47C5E624F17}.Debug|Any CPU.Build.0 = Debug|Any CPU
		{ADDE5B1C-F5C3-45B8-B339-F47C5E624F17}.Release|Any CPU.ActiveCfg = Release|Any CPU
		{ADDE5B1C-F5C3-45B8-B339-F47C5E624F17}.Release|Any CPU.Build.0 = Release|Any CPU
	EndGlobalSection
	GlobalSection(SolutionProperties) = preSolution
		HideSolutionNode = FALSE
	EndGlobalSection
	GlobalSection(ExtensibilityGlobals) = postSolution
		SolutionGuid = {2300AEF7-AAEA-4DF9-8C03-08E90890983A}
	EndGlobalSection
EndGlobal
