
Microsoft Visual Studio Solution File, Format Version 12.00
# Visual Studio Version 16
VisualStudioVersion = 16.0.32929.386
MinimumVisualStudioVersion = 10.0.40219.1
Project("{FAE04EC0-301F-11D3-BF4B-00C04F79EFBC}") = "問題39", "問題39\問題39.csproj", "{FFF81197-C3CE-4350-8F04-8A9D896C9485}"
EndProject
Global
	GlobalSection(SolutionConfigurationPlatforms) = preSolution
		Debug|Any CPU = Debug|Any CPU
		Release|Any CPU = Release|Any CPU
	EndGlobalSection
	GlobalSection(ProjectConfigurationPlatforms) = postSolution
		{FFF81197-C3CE-4350-8F04-8A9D896C9485}.Debug|Any CPU.ActiveCfg = Debug|Any CPU
		{FFF81197-C3CE-4350-8F04-8A9D896C9485}.Debug|Any CPU.Build.0 = Debug|Any CPU
		{FFF81197-C3CE-4350-8F04-8A9D896C9485}.Release|Any CPU.ActiveCfg = Release|Any CPU
		{FFF81197-C3CE-4350-8F04-8A9D896C9485}.Release|Any CPU.Build.0 = Release|Any CPU
	EndGlobalSection
	GlobalSection(SolutionProperties) = preSolution
		HideSolutionNode = FALSE
	EndGlobalSection
	GlobalSection(ExtensibilityGlobals) = postSolution
		SolutionGuid = {465AE977-34D4-48A5-8F22-1D16941775C9}
	EndGlobalSection
EndGlobal
