
Microsoft Visual Studio Solution File, Format Version 12.00
# Visual Studio Version 16
VisualStudioVersion = 16.0.31515.178
MinimumVisualStudioVersion = 10.0.40219.1
Project("{FAE04EC0-301F-11D3-BF4B-00C04F79EFBC}") = "ConsoleApp1", "ConsoleApp1\ConsoleApp1.csproj", "{9366AECA-FDF9-410C-833F-CB7C1A01AB3E}"
EndProject
Global
	GlobalSection(SolutionConfigurationPlatforms) = preSolution
		Debug|Any CPU = Debug|Any CPU
		Release|Any CPU = Release|Any CPU
	EndGlobalSection
	GlobalSection(ProjectConfigurationPlatforms) = postSolution
		{9366AECA-FDF9-410C-833F-CB7C1A01AB3E}.Debug|Any CPU.ActiveCfg = Debug|Any CPU
		{9366AECA-FDF9-410C-833F-CB7C1A01AB3E}.Debug|Any CPU.Build.0 = Debug|Any CPU
		{9366AECA-FDF9-410C-833F-CB7C1A01AB3E}.Release|Any CPU.ActiveCfg = Release|Any CPU
		{9366AECA-FDF9-410C-833F-CB7C1A01AB3E}.Release|Any CPU.Build.0 = Release|Any CPU
	EndGlobalSection
	GlobalSection(SolutionProperties) = preSolution
		HideSolutionNode = FALSE
	EndGlobalSection
	GlobalSection(ExtensibilityGlobals) = postSolution
		SolutionGuid = {138D9A16-0E12-4D64-8675-65F1F82B52DE}
	EndGlobalSection
EndGlobal
