
Microsoft Visual Studio Solution File, Format Version 12.00
# Visual Studio Version 17
VisualStudioVersion = 17.5.33424.131
MinimumVisualStudioVersion = 10.0.40219.1
Project("{FAE04EC0-301F-11D3-BF4B-00C04F79EFBC}") = "問題24", "問題24\問題24.csproj", "{9F136B89-AFC7-49D7-8F91-3939B018D91F}"
EndProject
Global
	GlobalSection(SolutionConfigurationPlatforms) = preSolution
		Debug|Any CPU = Debug|Any CPU
		Release|Any CPU = Release|Any CPU
	EndGlobalSection
	GlobalSection(ProjectConfigurationPlatforms) = postSolution
		{9F136B89-AFC7-49D7-8F91-3939B018D91F}.Debug|Any CPU.ActiveCfg = Debug|Any CPU
		{9F136B89-AFC7-49D7-8F91-3939B018D91F}.Debug|Any CPU.Build.0 = Debug|Any CPU
		{9F136B89-AFC7-49D7-8F91-3939B018D91F}.Release|Any CPU.ActiveCfg = Release|Any CPU
		{9F136B89-AFC7-49D7-8F91-3939B018D91F}.Release|Any CPU.Build.0 = Release|Any CPU
	EndGlobalSection
	GlobalSection(SolutionProperties) = preSolution
		HideSolutionNode = FALSE
	EndGlobalSection
	GlobalSection(ExtensibilityGlobals) = postSolution
		SolutionGuid = {11FAE9D3-EF59-4075-852D-5DD2AA053E21}
	EndGlobalSection
EndGlobal
