
Microsoft Visual Studio Solution File, Format Version 12.00
# Visual Studio Version 17
VisualStudioVersion = 17.5.33424.131
MinimumVisualStudioVersion = 10.0.40219.1
Project("{FAE04EC0-301F-11D3-BF4B-00C04F79EFBC}") = "問題18", "問題18\問題18.csproj", "{F58F873C-F559-4D2E-B900-5FC43F34050F}"
EndProject
Global
	GlobalSection(SolutionConfigurationPlatforms) = preSolution
		Debug|Any CPU = Debug|Any CPU
		Release|Any CPU = Release|Any CPU
	EndGlobalSection
	GlobalSection(ProjectConfigurationPlatforms) = postSolution
		{F58F873C-F559-4D2E-B900-5FC43F34050F}.Debug|Any CPU.ActiveCfg = Debug|Any CPU
		{F58F873C-F559-4D2E-B900-5FC43F34050F}.Debug|Any CPU.Build.0 = Debug|Any CPU
		{F58F873C-F559-4D2E-B900-5FC43F34050F}.Release|Any CPU.ActiveCfg = Release|Any CPU
		{F58F873C-F559-4D2E-B900-5FC43F34050F}.Release|Any CPU.Build.0 = Release|Any CPU
	EndGlobalSection
	GlobalSection(SolutionProperties) = preSolution
		HideSolutionNode = FALSE
	EndGlobalSection
	GlobalSection(ExtensibilityGlobals) = postSolution
		SolutionGuid = {75B45C01-3F6B-42F5-A74E-EBDA824C8A77}
	EndGlobalSection
EndGlobal
