
Microsoft Visual Studio Solution File, Format Version 12.00
# Visual Studio Version 16
VisualStudioVersion = 16.0.32929.386
MinimumVisualStudioVersion = 10.0.40219.1
Project("{FAE04EC0-301F-11D3-BF4B-00C04F79EFBC}") = "1-5", "1-5\1-5.csproj", "{DEE1C8CE-86D2-469E-BE69-73182EB177A0}"
EndProject
Global
	GlobalSection(SolutionConfigurationPlatforms) = preSolution
		Debug|Any CPU = Debug|Any CPU
		Release|Any CPU = Release|Any CPU
	EndGlobalSection
	GlobalSection(ProjectConfigurationPlatforms) = postSolution
		{DEE1C8CE-86D2-469E-BE69-73182EB177A0}.Debug|Any CPU.ActiveCfg = Debug|Any CPU
		{DEE1C8CE-86D2-469E-BE69-73182EB177A0}.Debug|Any CPU.Build.0 = Debug|Any CPU
		{DEE1C8CE-86D2-469E-BE69-73182EB177A0}.Release|Any CPU.ActiveCfg = Release|Any CPU
		{DEE1C8CE-86D2-469E-BE69-73182EB177A0}.Release|Any CPU.Build.0 = Release|Any CPU
	EndGlobalSection
	GlobalSection(SolutionProperties) = preSolution
		HideSolutionNode = FALSE
	EndGlobalSection
	GlobalSection(ExtensibilityGlobals) = postSolution
		SolutionGuid = {C8B4CA0D-8EF4-4CB5-9406-E8EA975E1E28}
	EndGlobalSection
EndGlobal
