
Microsoft Visual Studio Solution File, Format Version 12.00
# Visual Studio Version 17
VisualStudioVersion = 17.5.33424.131
MinimumVisualStudioVersion = 10.0.40219.1
Project("{9A19103F-16F7-4668-BE54-9A1E7A4F7556}") = "問題16", "問題16\問題16.csproj", "{B5CD464D-0999-4112-967B-EB0267A4CBAF}"
EndProject
Global
	GlobalSection(SolutionConfigurationPlatforms) = preSolution
		Debug|Any CPU = Debug|Any CPU
		Release|Any CPU = Release|Any CPU
	EndGlobalSection
	GlobalSection(ProjectConfigurationPlatforms) = postSolution
		{B5CD464D-0999-4112-967B-EB0267A4CBAF}.Debug|Any CPU.ActiveCfg = Debug|Any CPU
		{B5CD464D-0999-4112-967B-EB0267A4CBAF}.Debug|Any CPU.Build.0 = Debug|Any CPU
		{B5CD464D-0999-4112-967B-EB0267A4CBAF}.Release|Any CPU.ActiveCfg = Release|Any CPU
		{B5CD464D-0999-4112-967B-EB0267A4CBAF}.Release|Any CPU.Build.0 = Release|Any CPU
	EndGlobalSection
	GlobalSection(SolutionProperties) = preSolution
		HideSolutionNode = FALSE
	EndGlobalSection
	GlobalSection(ExtensibilityGlobals) = postSolution
		SolutionGuid = {3FA9DAEE-B696-4196-975D-ED6A41CBEAAA}
	EndGlobalSection
EndGlobal
