
Microsoft Visual Studio Solution File, Format Version 12.00
# Visual Studio Version 17
VisualStudioVersion = 17.5.33424.131
MinimumVisualStudioVersion = 10.0.40219.1
Project("{9A19103F-16F7-4668-BE54-9A1E7A4F7556}") = "問題6", "問題6\問題6.csproj", "{E829ECC6-7995-4C08-AEBB-2154D537FA7E}"
EndProject
Global
	GlobalSection(SolutionConfigurationPlatforms) = preSolution
		Debug|Any CPU = Debug|Any CPU
		Release|Any CPU = Release|Any CPU
	EndGlobalSection
	GlobalSection(ProjectConfigurationPlatforms) = postSolution
		{E829ECC6-7995-4C08-AEBB-2154D537FA7E}.Debug|Any CPU.ActiveCfg = Debug|Any CPU
		{E829ECC6-7995-4C08-AEBB-2154D537FA7E}.Debug|Any CPU.Build.0 = Debug|Any CPU
		{E829ECC6-7995-4C08-AEBB-2154D537FA7E}.Release|Any CPU.ActiveCfg = Release|Any CPU
		{E829ECC6-7995-4C08-AEBB-2154D537FA7E}.Release|Any CPU.Build.0 = Release|Any CPU
	EndGlobalSection
	GlobalSection(SolutionProperties) = preSolution
		HideSolutionNode = FALSE
	EndGlobalSection
	GlobalSection(ExtensibilityGlobals) = postSolution
		SolutionGuid = {7A1953B6-5AB5-4F94-A92C-E0D711F8FE3A}
	EndGlobalSection
EndGlobal
