
Microsoft Visual Studio Solution File, Format Version 12.00
# Visual Studio Version 16
VisualStudioVersion = 16.0.32929.386
MinimumVisualStudioVersion = 10.0.40219.1
Project("{FAE04EC0-301F-11D3-BF4B-00C04F79EFBC}") = "4-2", "4-2\4-2.csproj", "{46F48B6C-8FDC-46F6-9787-ACE82A193900}"
EndProject
Global
	GlobalSection(SolutionConfigurationPlatforms) = preSolution
		Debug|Any CPU = Debug|Any CPU
		Release|Any CPU = Release|Any CPU
	EndGlobalSection
	GlobalSection(ProjectConfigurationPlatforms) = postSolution
		{46F48B6C-8FDC-46F6-9787-ACE82A193900}.Debug|Any CPU.ActiveCfg = Debug|Any CPU
		{46F48B6C-8FDC-46F6-9787-ACE82A193900}.Debug|Any CPU.Build.0 = Debug|Any CPU
		{46F48B6C-8FDC-46F6-9787-ACE82A193900}.Release|Any CPU.ActiveCfg = Release|Any CPU
		{46F48B6C-8FDC-46F6-9787-ACE82A193900}.Release|Any CPU.Build.0 = Release|Any CPU
	EndGlobalSection
	GlobalSection(SolutionProperties) = preSolution
		HideSolutionNode = FALSE
	EndGlobalSection
	GlobalSection(ExtensibilityGlobals) = postSolution
		SolutionGuid = {BA6479D3-6CDA-4492-BE2E-C135F80302E6}
	EndGlobalSection
EndGlobal
