
Microsoft Visual Studio Solution File, Format Version 12.00
# Visual Studio Version 17
VisualStudioVersion = 17.5.33424.131
MinimumVisualStudioVersion = 10.0.40219.1
Project("{FAE04EC0-301F-11D3-BF4B-00C04F79EFBC}") = "問題35", "問題35\問題35.csproj", "{B2F4A963-1073-4809-8CDA-9D7CC0AB24E3}"
EndProject
Global
	GlobalSection(SolutionConfigurationPlatforms) = preSolution
		Debug|Any CPU = Debug|Any CPU
		Release|Any CPU = Release|Any CPU
	EndGlobalSection
	GlobalSection(ProjectConfigurationPlatforms) = postSolution
		{B2F4A963-1073-4809-8CDA-9D7CC0AB24E3}.Debug|Any CPU.ActiveCfg = Debug|Any CPU
		{B2F4A963-1073-4809-8CDA-9D7CC0AB24E3}.Debug|Any CPU.Build.0 = Debug|Any CPU
		{B2F4A963-1073-4809-8CDA-9D7CC0AB24E3}.Release|Any CPU.ActiveCfg = Release|Any CPU
		{B2F4A963-1073-4809-8CDA-9D7CC0AB24E3}.Release|Any CPU.Build.0 = Release|Any CPU
	EndGlobalSection
	GlobalSection(SolutionProperties) = preSolution
		HideSolutionNode = FALSE
	EndGlobalSection
	GlobalSection(ExtensibilityGlobals) = postSolution
		SolutionGuid = {C9ABDD1E-A595-4D3D-8F1B-8719A88FAC13}
	EndGlobalSection
EndGlobal
