
Microsoft Visual Studio Solution File, Format Version 12.00
# Visual Studio Version 17
VisualStudioVersion = 17.5.33424.131
MinimumVisualStudioVersion = 10.0.40219.1
Project("{9A19103F-16F7-4668-BE54-9A1E7A4F7556}") = "問題5", "問題6\問題5.csproj", "{77F5FAD7-DFB9-4908-B6AD-D6EF24AF4EA6}"
EndProject
Global
	GlobalSection(SolutionConfigurationPlatforms) = preSolution
		Debug|Any CPU = Debug|Any CPU
		Release|Any CPU = Release|Any CPU
	EndGlobalSection
	GlobalSection(ProjectConfigurationPlatforms) = postSolution
		{77F5FAD7-DFB9-4908-B6AD-D6EF24AF4EA6}.Debug|Any CPU.ActiveCfg = Debug|Any CPU
		{77F5FAD7-DFB9-4908-B6AD-D6EF24AF4EA6}.Debug|Any CPU.Build.0 = Debug|Any CPU
		{77F5FAD7-DFB9-4908-B6AD-D6EF24AF4EA6}.Release|Any CPU.ActiveCfg = Release|Any CPU
		{77F5FAD7-DFB9-4908-B6AD-D6EF24AF4EA6}.Release|Any CPU.Build.0 = Release|Any CPU
	EndGlobalSection
	GlobalSection(SolutionProperties) = preSolution
		HideSolutionNode = FALSE
	EndGlobalSection
	GlobalSection(ExtensibilityGlobals) = postSolution
		SolutionGuid = {7D8086F4-94ED-4145-8E3A-C88AC81C6A5A}
	EndGlobalSection
EndGlobal
