
Microsoft Visual Studio Solution File, Format Version 12.00
# Visual Studio Version 16
VisualStudioVersion = 16.0.31515.178
MinimumVisualStudioVersion = 10.0.40219.1
Project("{FAE04EC0-301F-11D3-BF4B-00C04F79EFBC}") = "3-9", "3-9\3-9.csproj", "{CFA1B6A2-BEE2-48B0-846F-3DD5C00C63FF}"
EndProject
Global
	GlobalSection(SolutionConfigurationPlatforms) = preSolution
		Debug|Any CPU = Debug|Any CPU
		Release|Any CPU = Release|Any CPU
	EndGlobalSection
	GlobalSection(ProjectConfigurationPlatforms) = postSolution
		{CFA1B6A2-BEE2-48B0-846F-3DD5C00C63FF}.Debug|Any CPU.ActiveCfg = Debug|Any CPU
		{CFA1B6A2-BEE2-48B0-846F-3DD5C00C63FF}.Debug|Any CPU.Build.0 = Debug|Any CPU
		{CFA1B6A2-BEE2-48B0-846F-3DD5C00C63FF}.Release|Any CPU.ActiveCfg = Release|Any CPU
		{CFA1B6A2-BEE2-48B0-846F-3DD5C00C63FF}.Release|Any CPU.Build.0 = Release|Any CPU
	EndGlobalSection
	GlobalSection(SolutionProperties) = preSolution
		HideSolutionNode = FALSE
	EndGlobalSection
	GlobalSection(ExtensibilityGlobals) = postSolution
		SolutionGuid = {1BB424C8-FDC3-43AE-BE87-FA2ABF5D5DCB}
	EndGlobalSection
EndGlobal
